
Microsoft Visual Studio Solution File, Format Version 12.00
# Visual Studio Version 17
VisualStudioVersion = 17.5.33516.290
MinimumVisualStudioVersion = 10.0.40219.1
Project("{8BC9CEB8-8B4A-11D0-8D11-00A0C91BC942}") = "0_2_OneP1", "0_2_OneP1\0_2_OneP1.vcxproj", "{7D8F9994-03F8-4FA4-AD5E-8192CDB26A18}"
EndProject
Global
	GlobalSection(SolutionConfigurationPlatforms) = preSolution
		Debug|x64 = Debug|x64
		Debug|x86 = Debug|x86
		Release|x64 = Release|x64
		Release|x86 = Release|x86
	EndGlobalSection
	GlobalSection(ProjectConfigurationPlatforms) = postSolution
		{7D8F9994-03F8-4FA4-AD5E-8192CDB26A18}.Debug|x64.ActiveCfg = Debug|x64
		{7D8F9994-03F8-4FA4-AD5E-8192CDB26A18}.Debug|x64.Build.0 = Debug|x64
		{7D8F9994-03F8-4FA4-AD5E-8192CDB26A18}.Debug|x86.ActiveCfg = Debug|Win32
		{7D8F9994-03F8-4FA4-AD5E-8192CDB26A18}.Debug|x86.Build.0 = Debug|Win32
		{7D8F9994-03F8-4FA4-AD5E-8192CDB26A18}.Release|x64.ActiveCfg = Release|x64
		{7D8F9994-03F8-4FA4-AD5E-8192CDB26A18}.Release|x64.Build.0 = Release|x64
		{7D8F9994-03F8-4FA4-AD5E-8192CDB26A18}.Release|x86.ActiveCfg = Release|Win32
		{7D8F9994-03F8-4FA4-AD5E-8192CDB26A18}.Release|x86.Build.0 = Release|Win32
	EndGlobalSection
	GlobalSection(SolutionProperties) = preSolution
		HideSolutionNode = FALSE
	EndGlobalSection
	GlobalSection(ExtensibilityGlobals) = postSolution
		SolutionGuid = {440D0DC3-3492-42F1-A925-63D763B71168}
	EndGlobalSection
EndGlobal
